// !$*UTF8*$!
{
	archiveVersion = 1;
	classes = {
	};
	objectVersion = 46;
	objects = {

/* Begin PBXBuildFile section */
		3B403DEA1A9835B6007461BF /* AppDelegate.swift in Sources */ = {isa = PBXBuildFile; fileRef = 3B403DE91A9835B6007461BF /* AppDelegate.swift */; };
		3B403DEF1A9835B6007461BF /* ViewController.swift in Sources */ = {isa = PBXBuildFile; fileRef = 3B403DEE1A9835B6007461BF /* ViewController.swift */; };
		3B403DF21A9835B6007461BF /* Main.storyboard in Resources */ = {isa = PBXBuildFile; fileRef = 3B403DF01A9835B6007461BF /* Main.storyboard */; };
		3B403DF41A9835B6007461BF /* Images.xcassets in Resources */ = {isa = PBXBuildFile; fileRef = 3B403DF31A9835B6007461BF /* Images.xcassets */; };
		3B403DF71A9835B6007461BF /* LaunchScreen.xib in Resources */ = {isa = PBXBuildFile; fileRef = 3B403DF51A9835B6007461BF /* LaunchScreen.xib */; };
		3B403E031A9835B6007461BF /* ReporterTests.swift in Sources */ = {isa = PBXBuildFile; fileRef = 3B403E021A9835B6007461BF /* ReporterTests.swift */; };
		3B403E2F1A995AF8007461BF /* Answer.swift in Sources */ = {isa = PBXBuildFile; fileRef = 3B403E2E1A995AF8007461BF /* Answer.swift */; };
		3B403E311A995B0A007461BF /* Question.swift in Sources */ = {isa = PBXBuildFile; fileRef = 3B403E301A995B0A007461BF /* Question.swift */; };
		3B403E381A995FD1007461BF /* Reporter.xcdatamodeld in Sources */ = {isa = PBXBuildFile; fileRef = 3B403E361A995FD1007461BF /* Reporter.xcdatamodeld */; };
/* End PBXBuildFile section */

/* Begin PBXContainerItemProxy section */
		3B403DFD1A9835B6007461BF /* PBXContainerItemProxy */ = {
			isa = PBXContainerItemProxy;
			containerPortal = 3B403DDC1A9835B6007461BF /* Project object */;
			proxyType = 1;
			remoteGlobalIDString = 3B403DE31A9835B6007461BF;
			remoteInfo = Reporter;
		};
/* End PBXContainerItemProxy section */

/* Begin PBXFileReference section */
		3B403DE41A9835B6007461BF /* Reporter.app */ = {isa = PBXFileReference; explicitFileType = wrapper.application; includeInIndex = 0; path = Reporter.app; sourceTree = BUILT_PRODUCTS_DIR; };
		3B403DE81A9835B6007461BF /* Info.plist */ = {isa = PBXFileReference; lastKnownFileType = text.plist.xml; path = Info.plist; sourceTree = "<group>"; };
		3B403DE91A9835B6007461BF /* AppDelegate.swift */ = {isa = PBXFileReference; lastKnownFileType = sourcecode.swift; path = AppDelegate.swift; sourceTree = "<group>"; };
		3B403DEE1A9835B6007461BF /* ViewController.swift */ = {isa = PBXFileReference; lastKnownFileType = sourcecode.swift; path = ViewController.swift; sourceTree = "<group>"; };
		3B403DF11A9835B6007461BF /* Base */ = {isa = PBXFileReference; lastKnownFileType = file.storyboard; name = Base; path = Base.lproj/Main.storyboard; sourceTree = "<group>"; };
		3B403DF31A9835B6007461BF /* Images.xcassets */ = {isa = PBXFileReference; lastKnownFileType = folder.assetcatalog; path = Images.xcassets; sourceTree = "<group>"; };
		3B403DF61A9835B6007461BF /* Base */ = {isa = PBXFileReference; lastKnownFileType = file.xib; name = Base; path = Base.lproj/LaunchScreen.xib; sourceTree = "<group>"; };
		3B403DFC1A9835B6007461BF /* ReporterTests.xctest */ = {isa = PBXFileReference; explicitFileType = wrapper.cfbundle; includeInIndex = 0; path = ReporterTests.xctest; sourceTree = BUILT_PRODUCTS_DIR; };
		3B403E011A9835B6007461BF /* Info.plist */ = {isa = PBXFileReference; lastKnownFileType = text.plist.xml; path = Info.plist; sourceTree = "<group>"; };
		3B403E021A9835B6007461BF /* ReporterTests.swift */ = {isa = PBXFileReference; lastKnownFileType = sourcecode.swift; path = ReporterTests.swift; sourceTree = "<group>"; };
		3B403E2E1A995AF8007461BF /* Answer.swift */ = {isa = PBXFileReference; fileEncoding = 4; lastKnownFileType = sourcecode.swift; path = Answer.swift; sourceTree = "<group>"; };
		3B403E301A995B0A007461BF /* Question.swift */ = {isa = PBXFileReference; fileEncoding = 4; lastKnownFileType = sourcecode.swift; path = Question.swift; sourceTree = "<group>"; };
		3B403E371A995FD1007461BF /* Reporter.xcdatamodel */ = {isa = PBXFileReference; lastKnownFileType = wrapper.xcdatamodel; path = Reporter.xcdatamodel; sourceTree = "<group>"; };
/* End PBXFileReference section */

/* Begin PBXFrameworksBuildPhase section */
		3B403DE11A9835B6007461BF /* Frameworks */ = {
			isa = PBXFrameworksBuildPhase;
			buildActionMask = 2147483647;
			files = (
			);
			runOnlyForDeploymentPostprocessing = 0;
		};
		3B403DF91A9835B6007461BF /* Frameworks */ = {
			isa = PBXFrameworksBuildPhase;
			buildActionMask = 2147483647;
			files = (
			);
			runOnlyForDeploymentPostprocessing = 0;
		};
/* End PBXFrameworksBuildPhase section */

/* Begin PBXGroup section */
		3B403DDB1A9835B6007461BF = {
			isa = PBXGroup;
			children = (
				3B403DE61A9835B6007461BF /* Reporter */,
				3B403DFF1A9835B6007461BF /* ReporterTests */,
				3B403DE51A9835B6007461BF /* Products */,
			);
			sourceTree = "<group>";
		};
		3B403DE51A9835B6007461BF /* Products */ = {
			isa = PBXGroup;
			children = (
				3B403DE41A9835B6007461BF /* Reporter.app */,
				3B403DFC1A9835B6007461BF /* ReporterTests.xctest */,
			);
			name = Products;
			sourceTree = "<group>";
		};
		3B403DE61A9835B6007461BF /* Reporter */ = {
			isa = PBXGroup;
			children = (
				3B403E361A995FD1007461BF /* Reporter.xcdatamodeld */,
				3B403E301A995B0A007461BF /* Question.swift */,
				3B403E2E1A995AF8007461BF /* Answer.swift */,
				3B403DE91A9835B6007461BF /* AppDelegate.swift */,
				3B403DEE1A9835B6007461BF /* ViewController.swift */,
				3B403DF01A9835B6007461BF /* Main.storyboard */,
				3B403DF31A9835B6007461BF /* Images.xcassets */,
				3B403DF51A9835B6007461BF /* LaunchScreen.xib */,
				3B403DE71A9835B6007461BF /* Supporting Files */,
			);
			path = Reporter;
			sourceTree = "<group>";
		};
		3B403DE71A9835B6007461BF /* Supporting Files */ = {
			isa = PBXGroup;
			children = (
				3B403DE81A9835B6007461BF /* Info.plist */,
			);
			name = "Supporting Files";
			sourceTree = "<group>";
		};
		3B403DFF1A9835B6007461BF /* ReporterTests */ = {
			isa = PBXGroup;
			children = (
				3B403E021A9835B6007461BF /* ReporterTests.swift */,
				3B403E001A9835B6007461BF /* Supporting Files */,
			);
			path = ReporterTests;
			sourceTree = "<group>";
		};
		3B403E001A9835B6007461BF /* Supporting Files */ = {
			isa = PBXGroup;
			children = (
				3B403E011A9835B6007461BF /* Info.plist */,
			);
			name = "Supporting Files";
			sourceTree = "<group>";
		};
/* End PBXGroup section */

/* Begin PBXNativeTarget section */
		3B403DE31A9835B6007461BF /* Reporter */ = {
			isa = PBXNativeTarget;
			buildConfigurationList = 3B403E061A9835B6007461BF /* Build configuration list for PBXNativeTarget "Reporter" */;
			buildPhases = (
				3B403DE01A9835B6007461BF /* Sources */,
				3B403DE11A9835B6007461BF /* Frameworks */,
				3B403DE21A9835B6007461BF /* Resources */,
			);
			buildRules = (
			);
			dependencies = (
			);
			name = Reporter;
			productName = Reporter;
			productReference = 3B403DE41A9835B6007461BF /* Reporter.app */;
			productType = "com.apple.product-type.application";
		};
		3B403DFB1A9835B6007461BF /* ReporterTests */ = {
			isa = PBXNativeTarget;
			buildConfigurationList = 3B403E091A9835B6007461BF /* Build configuration list for PBXNativeTarget "ReporterTests" */;
			buildPhases = (
				3B403DF81A9835B6007461BF /* Sources */,
				3B403DF91A9835B6007461BF /* Frameworks */,
				3B403DFA1A9835B6007461BF /* Resources */,
			);
			buildRules = (
			);
			dependencies = (
				3B403DFE1A9835B6007461BF /* PBXTargetDependency */,
			);
			name = ReporterTests;
			productName = ReporterTests;
			productReference = 3B403DFC1A9835B6007461BF /* ReporterTests.xctest */;
			productType = "com.apple.product-type.bundle.unit-test";
		};
/* End PBXNativeTarget section */

/* Begin PBXProject section */
		3B403DDC1A9835B6007461BF /* Project object */ = {
			isa = PBXProject;
			attributes = {
				LastUpgradeCheck = 0610;
				ORGANIZATIONNAME = "Veronica Ray";
				TargetAttributes = {
					3B403DE31A9835B6007461BF = {
						CreatedOnToolsVersion = 6.1.1;
					};
					3B403DFB1A9835B6007461BF = {
						CreatedOnToolsVersion = 6.1.1;
						TestTargetID = 3B403DE31A9835B6007461BF;
					};
				};
			};
			buildConfigurationList = 3B403DDF1A9835B6007461BF /* Build configuration list for PBXProject "Reporter" */;
			compatibilityVersion = "Xcode 3.2";
			developmentRegion = English;
			hasScannedForEncodings = 0;
			knownRegions = (
				en,
				Base,
			);
			mainGroup = 3B403DDB1A9835B6007461BF;
			productRefGroup = 3B403DE51A9835B6007461BF /* Products */;
			projectDirPath = "";
			projectRoot = "";
			targets = (
				3B403DE31A9835B6007461BF /* Reporter */,
				3B403DFB1A9835B6007461BF /* ReporterTests */,
			);
		};
/* End PBXProject section */

/* Begin PBXResourcesBuildPhase section */
		3B403DE21A9835B6007461BF /* Resources */ = {
			isa = PBXResourcesBuildPhase;
			buildActionMask = 2147483647;
			files = (
				3B403DF21A9835B6007461BF /* Main.storyboard in Resources */,
				3B403DF71A9835B6007461BF /* LaunchScreen.xib in Resources */,
				3B403DF41A9835B6007461BF /* Images.xcassets in Resources */,
			);
			runOnlyForDeploymentPostprocessing = 0;
		};
		3B403DFA1A9835B6007461BF /* Resources */ = {
			isa = PBXResourcesBuildPhase;
			buildActionMask = 2147483647;
			files = (
			);
			runOnlyForDeploymentPostprocessing = 0;
		};
/* End PBXResourcesBuildPhase section */

/* Begin PBXSourcesBuildPhase section */
		3B403DE01A9835B6007461BF /* Sources */ = {
			isa = PBXSourcesBuildPhase;
			buildActionMask = 2147483647;
			files = (
				3B403E311A995B0A007461BF /* Question.swift in Sources */,
				3B403E381A995FD1007461BF /* Reporter.xcdatamodeld in Sources */,
				3B403DEF1A9835B6007461BF /* ViewController.swift in Sources */,
				3B403DEA1A9835B6007461BF /* AppDelegate.swift in Sources */,
				3B403E2F1A995AF8007461BF /* Answer.swift in Sources */,
			);
			runOnlyForDeploymentPostprocessing = 0;
		};
		3B403DF81A9835B6007461BF /* Sources */ = {
			isa = PBXSourcesBuildPhase;
			buildActionMask = 2147483647;
			files = (
				3B403E031A9835B6007461BF /* ReporterTests.swift in Sources */,
			);
			runOnlyForDeploymentPostprocessing = 0;
		};
/* End PBXSourcesBuildPhase section */

/* Begin PBXTargetDependency section */
		3B403DFE1A9835B6007461BF /* PBXTargetDependency */ = {
			isa = PBXTargetDependency;
			target = 3B403DE31A9835B6007461BF /* Reporter */;
			targetProxy = 3B403DFD1A9835B6007461BF /* PBXContainerItemProxy */;
		};
/* End PBXTargetDependency section */

/* Begin PBXVariantGroup section */
		3B403DF01A9835B6007461BF /* Main.storyboard */ = {
			isa = PBXVariantGroup;
			children = (
				3B403DF11A9835B6007461BF /* Base */,
			);
			name = Main.storyboard;
			sourceTree = "<group>";
		};
		3B403DF51A9835B6007461BF /* LaunchScreen.xib */ = {
			isa = PBXVariantGroup;
			children = (
				3B403DF61A9835B6007461BF /* Base */,
			);
			name = LaunchScreen.xib;
			sourceTree = "<group>";
		};
/* End PBXVariantGroup section */

/* Begin XCBuildConfiguration section */
		3B403E041A9835B6007461BF /* Debug */ = {
			isa = XCBuildConfiguration;
			buildSettings = {
				ALWAYS_SEARCH_USER_PATHS = NO;
				CLANG_CXX_LANGUAGE_STANDARD = "gnu++0x";
				CLANG_CXX_LIBRARY = "libc++";
				CLANG_ENABLE_MODULES = YES;
				CLANG_ENABLE_OBJC_ARC = YES;
				CLANG_WARN_BOOL_CONVERSION = YES;
				CLANG_WARN_CONSTANT_CONVERSION = YES;
				CLANG_WARN_DIRECT_OBJC_ISA_USAGE = YES_ERROR;
				CLANG_WARN_EMPTY_BODY = YES;
				CLANG_WARN_ENUM_CONVERSION = YES;
				CLANG_WARN_INT_CONVERSION = YES;
				CLANG_WARN_OBJC_ROOT_CLASS = YES_ERROR;
				CLANG_WARN_UNREACHABLE_CODE = YES;
				CLANG_WARN__DUPLICATE_METHOD_MATCH = YES;
				"CODE_SIGN_IDENTITY[sdk=iphoneos*]" = "iPhone Developer";
				COPY_PHASE_STRIP = NO;
				ENABLE_STRICT_OBJC_MSGSEND = YES;
				GCC_C_LANGUAGE_STANDARD = gnu99;
				GCC_DYNAMIC_NO_PIC = NO;
				GCC_OPTIMIZATION_LEVEL = 0;
				GCC_PREPROCESSOR_DEFINITIONS = (
					"DEBUG=1",
					"$(inherited)",
				);
				GCC_SYMBOLS_PRIVATE_EXTERN = NO;
				GCC_WARN_64_TO_32_BIT_CONVERSION = YES;
				GCC_WARN_ABOUT_RETURN_TYPE = YES_ERROR;
				GCC_WARN_UNDECLARED_SELECTOR = YES;
				GCC_WARN_UNINITIALIZED_AUTOS = YES_AGGRESSIVE;
				GCC_WARN_UNUSED_FUNCTION = YES;
				GCC_WARN_UNUSED_VARIABLE = YES;
				IPHONEOS_DEPLOYMENT_TARGET = 8.1;
				MTL_ENABLE_DEBUG_INFO = YES;
				ONLY_ACTIVE_ARCH = YES;
				SDKROOT = iphoneos;
				SWIFT_OPTIMIZATION_LEVEL = "-Onone";
			};
			name = Debug;
		};
		3B403E051A9835B6007461BF /* Release */ = {
			isa = XCBuildConfiguration;
			buildSettings = {
				ALWAYS_SEARCH_USER_PATHS = NO;
				CLANG_CXX_LANGUAGE_STANDARD = "gnu++0x";
				CLANG_CXX_LIBRARY = "libc++";
				CLANG_ENABLE_MODULES = YES;
				CLANG_ENABLE_OBJC_ARC = YES;
				CLANG_WARN_BOOL_CONVERSION = YES;
				CLANG_WARN_CONSTANT_CONVERSION = YES;
				CLANG_WARN_DIRECT_OBJC_ISA_USAGE = YES_ERROR;
				CLANG_WARN_EMPTY_BODY = YES;
				CLANG_WARN_ENUM_CONVERSION = YES;
				CLANG_WARN_INT_CONVERSION = YES;
				CLANG_WARN_OBJC_ROOT_CLASS = YES_ERROR;
				CLANG_WARN_UNREACHABLE_CODE = YES;
				CLANG_WARN__DUPLICATE_METHOD_MATCH = YES;
				"CODE_SIGN_IDENTITY[sdk=iphoneos*]" = "iPhone Developer";
				COPY_PHASE_STRIP = YES;
				ENABLE_NS_ASSERTIONS = NO;
				ENABLE_STRICT_OBJC_MSGSEND = YES;
				GCC_C_LANGUAGE_STANDARD = gnu99;
				GCC_WARN_64_TO_32_BIT_CONVERSION = YES;
				GCC_WARN_ABOUT_RETURN_TYPE = YES_ERROR;
				GCC_WARN_UNDECLARED_SELECTOR = YES;
				GCC_WARN_UNINITIALIZED_AUTOS = YES_AGGRESSIVE;
				GCC_WARN_UNUSED_FUNCTION = YES;
				GCC_WARN_UNUSED_VARIABLE = YES;
				IPHONEOS_DEPLOYMENT_TARGET = 8.1;
				MTL_ENABLE_DEBUG_INFO = NO;
				SDKROOT = iphoneos;
				VALIDATE_PRODUCT = YES;
			};
			name = Release;
		};
		3B403E071A9835B6007461BF /* Debug */ = {
			isa = XCBuildConfiguration;
			buildSettings = {
				ASSETCATALOG_COMPILER_APPICON_NAME = AppIcon;
				INFOPLIST_FILE = Reporter/Info.plist;
				LD_RUNPATH_SEARCH_PATHS = "$(inherited) @executable_path/Frameworks";
				PRODUCT_NAME = "$(TARGET_NAME)";
			};
			name = Debug;
		};
		3B403E081A9835B6007461BF /* Release */ = {
			isa = XCBuildConfiguration;
			buildSettings = {
				ASSETCATALOG_COMPILER_APPICON_NAME = AppIcon;
				INFOPLIST_FILE = Reporter/Info.plist;
				LD_RUNPATH_SEARCH_PATHS = "$(inherited) @executable_path/Frameworks";
				PRODUCT_NAME = "$(TARGET_NAME)";
			};
			name = Release;
		};
		3B403E0A1A9835B6007461BF /* Debug */ = {
			isa = XCBuildConfiguration;
			buildSettings = {
				BUNDLE_LOADER = "$(TEST_HOST)";
				FRAMEWORK_SEARCH_PATHS = (
					"$(SDKROOT)/Developer/Library/Frameworks",
					"$(inherited)",
				);
				GCC_PREPROCESSOR_DEFINITIONS = (
					"DEBUG=1",
					"$(inherited)",
				);
				INFOPLIST_FILE = ReporterTests/Info.plist;
				LD_RUNPATH_SEARCH_PATHS = "$(inherited) @executable_path/Frameworks @loader_path/Frameworks";
				PRODUCT_NAME = "$(TARGET_NAME)";
				TEST_HOST = "$(BUILT_PRODUCTS_DIR)/Reporter.app/Reporter";
			};
			name = Debug;
		};
		3B403E0B1A9835B6007461BF /* Release */ = {
			isa = XCBuildConfiguration;
			buildSettings = {
				BUNDLE_LOADER = "$(TEST_HOST)";
				FRAMEWORK_SEARCH_PATHS = (
					"$(SDKROOT)/Developer/Library/Frameworks",
					"$(inherited)",
				);
				INFOPLIST_FILE = ReporterTests/Info.plist;
				LD_RUNPATH_SEARCH_PATHS = "$(inherited) @executable_path/Frameworks @loader_path/Frameworks";
				PRODUCT_NAME = "$(TARGET_NAME)";
				TEST_HOST = "$(BUILT_PRODUCTS_DIR)/Reporter.app/Reporter";
			};
			name = Release;
		};
/* End XCBuildConfiguration section */

/* Begin XCConfigurationList section */
		3B403DDF1A9835B6007461BF /* Build configuration list for PBXProject "Reporter" */ = {
			isa = XCConfigurationList;
			buildConfigurations = (
				3B403E041A9835B6007461BF /* Debug */,
				3B403E051A9835B6007461BF /* Release */,
			);
			defaultConfigurationIsVisible = 0;
			defaultConfigurationName = Release;
		};
		3B403E061A9835B6007461BF /* Build configuration list for PBXNativeTarget "Reporter" */ = {
			isa = XCConfigurationList;
			buildConfigurations = (
				3B403E071A9835B6007461BF /* Debug */,
				3B403E081A9835B6007461BF /* Release */,
			);
			defaultConfigurationIsVisible = 0;
		};
		3B403E091A9835B6007461BF /* Build configuration list for PBXNativeTarget "ReporterTests" */ = {
			isa = XCConfigurationList;
			buildConfigurations = (
				3B403E0A1A9835B6007461BF /* Debug */,
				3B403E0B1A9835B6007461BF /* Release */,
			);
			defaultConfigurationIsVisible = 0;
		};
/* End XCConfigurationList section */

/* Begin XCVersionGroup section */
		3B403E361A995FD1007461BF /* Reporter.xcdatamodeld */ = {
			isa = XCVersionGroup;
			children = (
				3B403E371A995FD1007461BF /* Reporter.xcdatamodel */,
			);
			currentVersion = 3B403E371A995FD1007461BF /* Reporter.xcdatamodel */;
			path = Reporter.xcdatamodeld;
			sourceTree = "<group>";
			versionGroupType = wrapper.xcdatamodel;
		};
/* End XCVersionGroup section */
	};
	rootObject = 3B403DDC1A9835B6007461BF /* Project object */;
}
