// !$*UTF8*$!
{
	archiveVersion = 1;
	classes = {
	};
	objectVersion = 46;
	objects = {

/* Begin PBXBuildFile section */
		3B403DEA1A9835B6007461BF /* AppDelegate.swift in Sources */ = {isa = PBXBuildFile; fileRef = 3B403DE91A9835B6007461BF /* AppDelegate.swift */; };
		3B403DEF1A9835B6007461BF /* AddQuestionViewController.swift in Sources */ = {isa = PBXBuildFile; fileRef = 3B403DEE1A9835B6007461BF /* AddQuestionViewController.swift */; };
		3B403DF21A9835B6007461BF /* Main.storyboard in Resources */ = {isa = PBXBuildFile; fileRef = 3B403DF01A9835B6007461BF /* Main.storyboard */; };
		3B403DF41A9835B6007461BF /* Images.xcassets in Resources */ = {isa = PBXBuildFile; fileRef = 3B403DF31A9835B6007461BF /* Images.xcassets */; };
		3B403DF71A9835B6007461BF /* LaunchScreen.xib in Resources */ = {isa = PBXBuildFile; fileRef = 3B403DF51A9835B6007461BF /* LaunchScreen.xib */; };
		3B403E031A9835B6007461BF /* ReporterTests.swift in Sources */ = {isa = PBXBuildFile; fileRef = 3B403E021A9835B6007461BF /* ReporterTests.swift */; };
		3B403E391A998F6E007461BF /* AppDelegate.swift in Sources */ = {isa = PBXBuildFile; fileRef = 3B403DE91A9835B6007461BF /* AppDelegate.swift */; };
		3B403E3A1A99905C007461BF /* AddQuestionViewController.swift in Sources */ = {isa = PBXBuildFile; fileRef = 3B403DEE1A9835B6007461BF /* AddQuestionViewController.swift */; };
		3B6376411AAD281E00A9013F /* ChooseQuestionViewController.swift in Sources */ = {isa = PBXBuildFile; fileRef = 3B6376401AAD281E00A9013F /* ChooseQuestionViewController.swift */; };
		3B6376421AAD281E00A9013F /* ChooseQuestionViewController.swift in Sources */ = {isa = PBXBuildFile; fileRef = 3B6376401AAD281E00A9013F /* ChooseQuestionViewController.swift */; };
		3B791EDF1AA2370700BB5938 /* AnswerQuestionViewController.swift in Sources */ = {isa = PBXBuildFile; fileRef = 3B791EDE1AA2370700BB5938 /* AnswerQuestionViewController.swift */; };
		3B791EE11AA2400400BB5938 /* AnswersViewController.swift in Sources */ = {isa = PBXBuildFile; fileRef = 3B791EE01AA2400400BB5938 /* AnswersViewController.swift */; };
		3B7B16061AA298CF00B1B9EB /* AnswerQuestionViewController.swift in Sources */ = {isa = PBXBuildFile; fileRef = 3B791EDE1AA2370700BB5938 /* AnswerQuestionViewController.swift */; };
		3B7B16071AA298D200B1B9EB /* AnswersViewController.swift in Sources */ = {isa = PBXBuildFile; fileRef = 3B791EE01AA2400400BB5938 /* AnswersViewController.swift */; };
		3BA1FA571AAE2CD300BD818B /* Reporter.xcdatamodeld in Sources */ = {isa = PBXBuildFile; fileRef = 3BA1FA551AAE2CD300BD818B /* Reporter.xcdatamodeld */; };
		3BA1FA5C1AAE329900BD818B /* Question.swift in Sources */ = {isa = PBXBuildFile; fileRef = 3BA1FA5B1AAE329900BD818B /* Question.swift */; };
		3BA1FA5D1AAE329900BD818B /* Question.swift in Sources */ = {isa = PBXBuildFile; fileRef = 3BA1FA5B1AAE329900BD818B /* Question.swift */; };
		3BA1FA5F1AAE329A00BD818B /* Answer.swift in Sources */ = {isa = PBXBuildFile; fileRef = 3BA1FA5E1AAE329A00BD818B /* Answer.swift */; };
		3BA1FA601AAE329A00BD818B /* Answer.swift in Sources */ = {isa = PBXBuildFile; fileRef = 3BA1FA5E1AAE329A00BD818B /* Answer.swift */; };
		76C30F5247995673BC947B98 /* libPods-Reporter.a in Frameworks */ = {isa = PBXBuildFile; fileRef = 1DB78AE81850455FAB0E7E6E /* libPods-Reporter.a */; };
		8A5D13AD6D87145A0BB97D79 /* libPods-ReporterTests.a in Frameworks */ = {isa = PBXBuildFile; fileRef = 6C0CD8F4644E7580F7A6D12A /* libPods-ReporterTests.a */; };
/* End PBXBuildFile section */

/* Begin PBXContainerItemProxy section */
		3B403DFD1A9835B6007461BF /* PBXContainerItemProxy */ = {
			isa = PBXContainerItemProxy;
			containerPortal = 3B403DDC1A9835B6007461BF /* Project object */;
			proxyType = 1;
			remoteGlobalIDString = 3B403DE31A9835B6007461BF;
			remoteInfo = Reporter;
		};
/* End PBXContainerItemProxy section */

/* Begin PBXFileReference section */
		1DB78AE81850455FAB0E7E6E /* libPods-Reporter.a */ = {isa = PBXFileReference; explicitFileType = archive.ar; includeInIndex = 0; path = "libPods-Reporter.a"; sourceTree = BUILT_PRODUCTS_DIR; };
		3B403DE41A9835B6007461BF /* Reporter.app */ = {isa = PBXFileReference; explicitFileType = wrapper.application; includeInIndex = 0; path = Reporter.app; sourceTree = BUILT_PRODUCTS_DIR; };
		3B403DE81A9835B6007461BF /* Info.plist */ = {isa = PBXFileReference; lastKnownFileType = text.plist.xml; path = Info.plist; sourceTree = "<group>"; };
		3B403DE91A9835B6007461BF /* AppDelegate.swift */ = {isa = PBXFileReference; lastKnownFileType = sourcecode.swift; path = AppDelegate.swift; sourceTree = "<group>"; };
		3B403DEE1A9835B6007461BF /* AddQuestionViewController.swift */ = {isa = PBXFileReference; lastKnownFileType = sourcecode.swift; path = AddQuestionViewController.swift; sourceTree = "<group>"; };
		3B403DF11A9835B6007461BF /* Base */ = {isa = PBXFileReference; lastKnownFileType = file.storyboard; name = Base; path = Base.lproj/Main.storyboard; sourceTree = "<group>"; };
		3B403DF31A9835B6007461BF /* Images.xcassets */ = {isa = PBXFileReference; lastKnownFileType = folder.assetcatalog; path = Images.xcassets; sourceTree = "<group>"; };
		3B403DF61A9835B6007461BF /* Base */ = {isa = PBXFileReference; lastKnownFileType = file.xib; name = Base; path = Base.lproj/LaunchScreen.xib; sourceTree = "<group>"; };
		3B403DFC1A9835B6007461BF /* ReporterTests.xctest */ = {isa = PBXFileReference; explicitFileType = wrapper.cfbundle; includeInIndex = 0; path = ReporterTests.xctest; sourceTree = BUILT_PRODUCTS_DIR; };
		3B403E011A9835B6007461BF /* Info.plist */ = {isa = PBXFileReference; lastKnownFileType = text.plist.xml; path = Info.plist; sourceTree = "<group>"; };
		3B403E021A9835B6007461BF /* ReporterTests.swift */ = {isa = PBXFileReference; lastKnownFileType = sourcecode.swift; path = ReporterTests.swift; sourceTree = "<group>"; };
		3B6376391AACCE2B00A9013F /* Reporter-Bridging-Header.h */ = {isa = PBXFileReference; lastKnownFileType = sourcecode.c.h; path = "Reporter-Bridging-Header.h"; sourceTree = SOURCE_ROOT; };
		3B6376401AAD281E00A9013F /* ChooseQuestionViewController.swift */ = {isa = PBXFileReference; fileEncoding = 4; lastKnownFileType = sourcecode.swift; path = ChooseQuestionViewController.swift; sourceTree = "<group>"; };
		3B791EDE1AA2370700BB5938 /* AnswerQuestionViewController.swift */ = {isa = PBXFileReference; fileEncoding = 4; lastKnownFileType = sourcecode.swift; path = AnswerQuestionViewController.swift; sourceTree = "<group>"; };
		3B791EE01AA2400400BB5938 /* AnswersViewController.swift */ = {isa = PBXFileReference; fileEncoding = 4; lastKnownFileType = sourcecode.swift; path = AnswersViewController.swift; sourceTree = "<group>"; };
		3BA1FA561AAE2CD300BD818B /* Reporter.xcdatamodel */ = {isa = PBXFileReference; lastKnownFileType = wrapper.xcdatamodel; path = Reporter.xcdatamodel; sourceTree = "<group>"; };
		3BA1FA5B1AAE329900BD818B /* Question.swift */ = {isa = PBXFileReference; fileEncoding = 4; lastKnownFileType = sourcecode.swift; path = Question.swift; sourceTree = "<group>"; };
		3BA1FA5E1AAE329A00BD818B /* Answer.swift */ = {isa = PBXFileReference; fileEncoding = 4; lastKnownFileType = sourcecode.swift; path = Answer.swift; sourceTree = "<group>"; };
		68D068DFDCEA67E49C0A90EB /* Pods-Reporter.debug.xcconfig */ = {isa = PBXFileReference; includeInIndex = 1; lastKnownFileType = text.xcconfig; name = "Pods-Reporter.debug.xcconfig"; path = "Pods/Target Support Files/Pods-Reporter/Pods-Reporter.debug.xcconfig"; sourceTree = "<group>"; };
		6C0CD8F4644E7580F7A6D12A /* libPods-ReporterTests.a */ = {isa = PBXFileReference; explicitFileType = archive.ar; includeInIndex = 0; path = "libPods-ReporterTests.a"; sourceTree = BUILT_PRODUCTS_DIR; };
		86B8FB74091455EE663FC89D /* Pods-ReporterTests.debug.xcconfig */ = {isa = PBXFileReference; includeInIndex = 1; lastKnownFileType = text.xcconfig; name = "Pods-ReporterTests.debug.xcconfig"; path = "Pods/Target Support Files/Pods-ReporterTests/Pods-ReporterTests.debug.xcconfig"; sourceTree = "<group>"; };
		F8A67C2DC13E840A8B2EB08A /* Pods-Reporter.release.xcconfig */ = {isa = PBXFileReference; includeInIndex = 1; lastKnownFileType = text.xcconfig; name = "Pods-Reporter.release.xcconfig"; path = "Pods/Target Support Files/Pods-Reporter/Pods-Reporter.release.xcconfig"; sourceTree = "<group>"; };
		FAB30333D4F044A11F0C7CE6 /* Pods-ReporterTests.release.xcconfig */ = {isa = PBXFileReference; includeInIndex = 1; lastKnownFileType = text.xcconfig; name = "Pods-ReporterTests.release.xcconfig"; path = "Pods/Target Support Files/Pods-ReporterTests/Pods-ReporterTests.release.xcconfig"; sourceTree = "<group>"; };
/* End PBXFileReference section */

/* Begin PBXFrameworksBuildPhase section */
		3B403DE11A9835B6007461BF /* Frameworks */ = {
			isa = PBXFrameworksBuildPhase;
			buildActionMask = 2147483647;
			files = (
				76C30F5247995673BC947B98 /* libPods-Reporter.a in Frameworks */,
			);
			runOnlyForDeploymentPostprocessing = 0;
		};
		3B403DF91A9835B6007461BF /* Frameworks */ = {
			isa = PBXFrameworksBuildPhase;
			buildActionMask = 2147483647;
			files = (
				8A5D13AD6D87145A0BB97D79 /* libPods-ReporterTests.a in Frameworks */,
			);
			runOnlyForDeploymentPostprocessing = 0;
		};
/* End PBXFrameworksBuildPhase section */

/* Begin PBXGroup section */
		3B403DDB1A9835B6007461BF = {
			isa = PBXGroup;
			children = (
				3B6376391AACCE2B00A9013F /* Reporter-Bridging-Header.h */,
				3B403DE61A9835B6007461BF /* Reporter */,
				3B403DFF1A9835B6007461BF /* ReporterTests */,
				3B403DE51A9835B6007461BF /* Products */,
				626A2E78C9E664B5736116A9 /* Pods */,
				64AF04D27C38C256DE57CE32 /* Frameworks */,
			);
			sourceTree = "<group>";
		};
		3B403DE51A9835B6007461BF /* Products */ = {
			isa = PBXGroup;
			children = (
				3B403DE41A9835B6007461BF /* Reporter.app */,
				3B403DFC1A9835B6007461BF /* ReporterTests.xctest */,
			);
			name = Products;
			sourceTree = "<group>";
		};
		3B403DE61A9835B6007461BF /* Reporter */ = {
			isa = PBXGroup;
			children = (
				3BA1FA551AAE2CD300BD818B /* Reporter.xcdatamodeld */,
				3BA1FA5E1AAE329A00BD818B /* Answer.swift */,
				3BA1FA5B1AAE329900BD818B /* Question.swift */,
				3B403DE91A9835B6007461BF /* AppDelegate.swift */,
				3B403DEE1A9835B6007461BF /* AddQuestionViewController.swift */,
				3B791EDE1AA2370700BB5938 /* AnswerQuestionViewController.swift */,
				3B6376401AAD281E00A9013F /* ChooseQuestionViewController.swift */,
				3B791EE01AA2400400BB5938 /* AnswersViewController.swift */,
				3B403DF01A9835B6007461BF /* Main.storyboard */,
				3B403DF31A9835B6007461BF /* Images.xcassets */,
				3B403DF51A9835B6007461BF /* LaunchScreen.xib */,
				3B403DE71A9835B6007461BF /* Supporting Files */,
			);
			path = Reporter;
			sourceTree = "<group>";
		};
		3B403DE71A9835B6007461BF /* Supporting Files */ = {
			isa = PBXGroup;
			children = (
				3B403DE81A9835B6007461BF /* Info.plist */,
			);
			name = "Supporting Files";
			sourceTree = "<group>";
		};
		3B403DFF1A9835B6007461BF /* ReporterTests */ = {
			isa = PBXGroup;
			children = (
				3B403E021A9835B6007461BF /* ReporterTests.swift */,
				3B403E001A9835B6007461BF /* Supporting Files */,
			);
			path = ReporterTests;
			sourceTree = "<group>";
		};
		3B403E001A9835B6007461BF /* Supporting Files */ = {
			isa = PBXGroup;
			children = (
				3B403E011A9835B6007461BF /* Info.plist */,
			);
			name = "Supporting Files";
			sourceTree = "<group>";
		};
		626A2E78C9E664B5736116A9 /* Pods */ = {
			isa = PBXGroup;
			children = (
				68D068DFDCEA67E49C0A90EB /* Pods-Reporter.debug.xcconfig */,
				F8A67C2DC13E840A8B2EB08A /* Pods-Reporter.release.xcconfig */,
				86B8FB74091455EE663FC89D /* Pods-ReporterTests.debug.xcconfig */,
				FAB30333D4F044A11F0C7CE6 /* Pods-ReporterTests.release.xcconfig */,
			);
			name = Pods;
			sourceTree = "<group>";
		};
		64AF04D27C38C256DE57CE32 /* Frameworks */ = {
			isa = PBXGroup;
			children = (
				1DB78AE81850455FAB0E7E6E /* libPods-Reporter.a */,
				6C0CD8F4644E7580F7A6D12A /* libPods-ReporterTests.a */,
			);
			name = Frameworks;
			sourceTree = "<group>";
		};
/* End PBXGroup section */

/* Begin PBXNativeTarget section */
		3B403DE31A9835B6007461BF /* Reporter */ = {
			isa = PBXNativeTarget;
			buildConfigurationList = 3B403E061A9835B6007461BF /* Build configuration list for PBXNativeTarget "Reporter" */;
			buildPhases = (
				BDA6526D3DE90B4069FD7825 /* Check Pods Manifest.lock */,
				3B403DE01A9835B6007461BF /* Sources */,
				3B403DE11A9835B6007461BF /* Frameworks */,
				3B403DE21A9835B6007461BF /* Resources */,
				8A00E0EFEF0E15835DC33505 /* Copy Pods Resources */,
			);
			buildRules = (
			);
			dependencies = (
			);
			name = Reporter;
			productName = Reporter;
			productReference = 3B403DE41A9835B6007461BF /* Reporter.app */;
			productType = "com.apple.product-type.application";
		};
		3B403DFB1A9835B6007461BF /* ReporterTests */ = {
			isa = PBXNativeTarget;
			buildConfigurationList = 3B403E091A9835B6007461BF /* Build configuration list for PBXNativeTarget "ReporterTests" */;
			buildPhases = (
				9D7CFAC9D860E45BBD4FCDD1 /* Check Pods Manifest.lock */,
				3B403DF81A9835B6007461BF /* Sources */,
				3B403DF91A9835B6007461BF /* Frameworks */,
				3B403DFA1A9835B6007461BF /* Resources */,
				74A19299AFBBF29E6360F9BD /* Copy Pods Resources */,
			);
			buildRules = (
			);
			dependencies = (
				3B403DFE1A9835B6007461BF /* PBXTargetDependency */,
			);
			name = ReporterTests;
			productName = ReporterTests;
			productReference = 3B403DFC1A9835B6007461BF /* ReporterTests.xctest */;
			productType = "com.apple.product-type.bundle.unit-test";
		};
/* End PBXNativeTarget section */

/* Begin PBXProject section */
		3B403DDC1A9835B6007461BF /* Project object */ = {
			isa = PBXProject;
			attributes = {
				LastUpgradeCheck = 0610;
				ORGANIZATIONNAME = "Veronica Ray";
				TargetAttributes = {
					3B403DE31A9835B6007461BF = {
						CreatedOnToolsVersion = 6.1.1;
					};
					3B403DFB1A9835B6007461BF = {
						CreatedOnToolsVersion = 6.1.1;
						TestTargetID = 3B403DE31A9835B6007461BF;
					};
				};
			};
			buildConfigurationList = 3B403DDF1A9835B6007461BF /* Build configuration list for PBXProject "Reporter" */;
			compatibilityVersion = "Xcode 3.2";
			developmentRegion = English;
			hasScannedForEncodings = 0;
			knownRegions = (
				en,
				Base,
			);
			mainGroup = 3B403DDB1A9835B6007461BF;
			productRefGroup = 3B403DE51A9835B6007461BF /* Products */;
			projectDirPath = "";
			projectRoot = "";
			targets = (
				3B403DE31A9835B6007461BF /* Reporter */,
				3B403DFB1A9835B6007461BF /* ReporterTests */,
			);
		};
/* End PBXProject section */

/* Begin PBXResourcesBuildPhase section */
		3B403DE21A9835B6007461BF /* Resources */ = {
			isa = PBXResourcesBuildPhase;
			buildActionMask = 2147483647;
			files = (
				3B403DF21A9835B6007461BF /* Main.storyboard in Resources */,
				3B403DF71A9835B6007461BF /* LaunchScreen.xib in Resources */,
				3B403DF41A9835B6007461BF /* Images.xcassets in Resources */,
			);
			runOnlyForDeploymentPostprocessing = 0;
		};
		3B403DFA1A9835B6007461BF /* Resources */ = {
			isa = PBXResourcesBuildPhase;
			buildActionMask = 2147483647;
			files = (
			);
			runOnlyForDeploymentPostprocessing = 0;
		};
/* End PBXResourcesBuildPhase section */

/* Begin PBXShellScriptBuildPhase section */
		74A19299AFBBF29E6360F9BD /* Copy Pods Resources */ = {
			isa = PBXShellScriptBuildPhase;
			buildActionMask = 2147483647;
			files = (
			);
			inputPaths = (
			);
			name = "Copy Pods Resources";
			outputPaths = (
			);
			runOnlyForDeploymentPostprocessing = 0;
			shellPath = /bin/sh;
			shellScript = "\"${SRCROOT}/Pods/Target Support Files/Pods-ReporterTests/Pods-ReporterTests-resources.sh\"\n";
			showEnvVarsInLog = 0;
		};
		8A00E0EFEF0E15835DC33505 /* Copy Pods Resources */ = {
			isa = PBXShellScriptBuildPhase;
			buildActionMask = 2147483647;
			files = (
			);
			inputPaths = (
			);
			name = "Copy Pods Resources";
			outputPaths = (
			);
			runOnlyForDeploymentPostprocessing = 0;
			shellPath = /bin/sh;
			shellScript = "\"${SRCROOT}/Pods/Target Support Files/Pods-Reporter/Pods-Reporter-resources.sh\"\n";
			showEnvVarsInLog = 0;
		};
		9D7CFAC9D860E45BBD4FCDD1 /* Check Pods Manifest.lock */ = {
			isa = PBXShellScriptBuildPhase;
			buildActionMask = 2147483647;
			files = (
			);
			inputPaths = (
			);
			name = "Check Pods Manifest.lock";
			outputPaths = (
			);
			runOnlyForDeploymentPostprocessing = 0;
			shellPath = /bin/sh;
			shellScript = "diff \"${PODS_ROOT}/../Podfile.lock\" \"${PODS_ROOT}/Manifest.lock\" > /dev/null\nif [[ $? != 0 ]] ; then\n    cat << EOM\nerror: The sandbox is not in sync with the Podfile.lock. Run 'pod install' or update your CocoaPods installation.\nEOM\n    exit 1\nfi\n";
			showEnvVarsInLog = 0;
		};
		BDA6526D3DE90B4069FD7825 /* Check Pods Manifest.lock */ = {
			isa = PBXShellScriptBuildPhase;
			buildActionMask = 2147483647;
			files = (
			);
			inputPaths = (
			);
			name = "Check Pods Manifest.lock";
			outputPaths = (
			);
			runOnlyForDeploymentPostprocessing = 0;
			shellPath = /bin/sh;
			shellScript = "diff \"${PODS_ROOT}/../Podfile.lock\" \"${PODS_ROOT}/Manifest.lock\" > /dev/null\nif [[ $? != 0 ]] ; then\n    cat << EOM\nerror: The sandbox is not in sync with the Podfile.lock. Run 'pod install' or update your CocoaPods installation.\nEOM\n    exit 1\nfi\n";
			showEnvVarsInLog = 0;
		};
/* End PBXShellScriptBuildPhase section */

/* Begin PBXSourcesBuildPhase section */
		3B403DE01A9835B6007461BF /* Sources */ = {
			isa = PBXSourcesBuildPhase;
			buildActionMask = 2147483647;
			files = (
				3BA1FA571AAE2CD300BD818B /* Reporter.xcdatamodeld in Sources */,
				3B6376411AAD281E00A9013F /* ChooseQuestionViewController.swift in Sources */,
				3B403DEF1A9835B6007461BF /* AddQuestionViewController.swift in Sources */,
				3B403DEA1A9835B6007461BF /* AppDelegate.swift in Sources */,
				3B791EE11AA2400400BB5938 /* AnswersViewController.swift in Sources */,
				3BA1FA5C1AAE329900BD818B /* Question.swift in Sources */,
				3B791EDF1AA2370700BB5938 /* AnswerQuestionViewController.swift in Sources */,
				3BA1FA5F1AAE329A00BD818B /* Answer.swift in Sources */,
			);
			runOnlyForDeploymentPostprocessing = 0;
		};
		3B403DF81A9835B6007461BF /* Sources */ = {
			isa = PBXSourcesBuildPhase;
			buildActionMask = 2147483647;
			files = (
				3B7B16061AA298CF00B1B9EB /* AnswerQuestionViewController.swift in Sources */,
				3B6376421AAD281E00A9013F /* ChooseQuestionViewController.swift in Sources */,
				3B403E3A1A99905C007461BF /* AddQuestionViewController.swift in Sources */,
				3B403E391A998F6E007461BF /* AppDelegate.swift in Sources */,
				3B403E031A9835B6007461BF /* ReporterTests.swift in Sources */,
				3BA1FA5D1AAE329900BD818B /* Question.swift in Sources */,
				3B7B16071AA298D200B1B9EB /* AnswersViewController.swift in Sources */,
				3BA1FA601AAE329A00BD818B /* Answer.swift in Sources */,
			);
			runOnlyForDeploymentPostprocessing = 0;
		};
/* End PBXSourcesBuildPhase section */

/* Begin PBXTargetDependency section */
		3B403DFE1A9835B6007461BF /* PBXTargetDependency */ = {
			isa = PBXTargetDependency;
			target = 3B403DE31A9835B6007461BF /* Reporter */;
			targetProxy = 3B403DFD1A9835B6007461BF /* PBXContainerItemProxy */;
		};
/* End PBXTargetDependency section */

/* Begin PBXVariantGroup section */
		3B403DF01A9835B6007461BF /* Main.storyboard */ = {
			isa = PBXVariantGroup;
			children = (
				3B403DF11A9835B6007461BF /* Base */,
			);
			name = Main.storyboard;
			sourceTree = "<group>";
		};
		3B403DF51A9835B6007461BF /* LaunchScreen.xib */ = {
			isa = PBXVariantGroup;
			children = (
				3B403DF61A9835B6007461BF /* Base */,
			);
			name = LaunchScreen.xib;
			sourceTree = "<group>";
		};
/* End PBXVariantGroup section */

/* Begin XCBuildConfiguration section */
		3B403E041A9835B6007461BF /* Debug */ = {
			isa = XCBuildConfiguration;
			buildSettings = {
				ALWAYS_SEARCH_USER_PATHS = NO;
				CLANG_CXX_LANGUAGE_STANDARD = "gnu++0x";
				CLANG_CXX_LIBRARY = "libc++";
				CLANG_ENABLE_MODULES = YES;
				CLANG_ENABLE_OBJC_ARC = YES;
				CLANG_WARN_BOOL_CONVERSION = YES;
				CLANG_WARN_CONSTANT_CONVERSION = YES;
				CLANG_WARN_DIRECT_OBJC_ISA_USAGE = YES_ERROR;
				CLANG_WARN_EMPTY_BODY = YES;
				CLANG_WARN_ENUM_CONVERSION = YES;
				CLANG_WARN_INT_CONVERSION = YES;
				CLANG_WARN_OBJC_ROOT_CLASS = YES_ERROR;
				CLANG_WARN_UNREACHABLE_CODE = YES;
				CLANG_WARN__DUPLICATE_METHOD_MATCH = YES;
				"CODE_SIGN_IDENTITY[sdk=iphoneos*]" = "iPhone Developer";
				COPY_PHASE_STRIP = NO;
				ENABLE_STRICT_OBJC_MSGSEND = YES;
				GCC_C_LANGUAGE_STANDARD = gnu99;
				GCC_DYNAMIC_NO_PIC = NO;
				GCC_OPTIMIZATION_LEVEL = 0;
				GCC_PREPROCESSOR_DEFINITIONS = (
					"DEBUG=1",
					"$(inherited)",
				);
				GCC_SYMBOLS_PRIVATE_EXTERN = NO;
				GCC_WARN_64_TO_32_BIT_CONVERSION = YES;
				GCC_WARN_ABOUT_RETURN_TYPE = YES_ERROR;
				GCC_WARN_UNDECLARED_SELECTOR = YES;
				GCC_WARN_UNINITIALIZED_AUTOS = YES_AGGRESSIVE;
				GCC_WARN_UNUSED_FUNCTION = YES;
				GCC_WARN_UNUSED_VARIABLE = YES;
				IPHONEOS_DEPLOYMENT_TARGET = 8.1;
				MTL_ENABLE_DEBUG_INFO = YES;
				ONLY_ACTIVE_ARCH = YES;
				SDKROOT = iphoneos;
				SWIFT_OBJC_BRIDGING_HEADER = "Reporter-Bridging-Header.h";
				SWIFT_OPTIMIZATION_LEVEL = "-Onone";
			};
			name = Debug;
		};
		3B403E051A9835B6007461BF /* Release */ = {
			isa = XCBuildConfiguration;
			buildSettings = {
				ALWAYS_SEARCH_USER_PATHS = NO;
				CLANG_CXX_LANGUAGE_STANDARD = "gnu++0x";
				CLANG_CXX_LIBRARY = "libc++";
				CLANG_ENABLE_MODULES = YES;
				CLANG_ENABLE_OBJC_ARC = YES;
				CLANG_WARN_BOOL_CONVERSION = YES;
				CLANG_WARN_CONSTANT_CONVERSION = YES;
				CLANG_WARN_DIRECT_OBJC_ISA_USAGE = YES_ERROR;
				CLANG_WARN_EMPTY_BODY = YES;
				CLANG_WARN_ENUM_CONVERSION = YES;
				CLANG_WARN_INT_CONVERSION = YES;
				CLANG_WARN_OBJC_ROOT_CLASS = YES_ERROR;
				CLANG_WARN_UNREACHABLE_CODE = YES;
				CLANG_WARN__DUPLICATE_METHOD_MATCH = YES;
				"CODE_SIGN_IDENTITY[sdk=iphoneos*]" = "iPhone Developer";
				COPY_PHASE_STRIP = YES;
				ENABLE_NS_ASSERTIONS = NO;
				ENABLE_STRICT_OBJC_MSGSEND = YES;
				GCC_C_LANGUAGE_STANDARD = gnu99;
				GCC_WARN_64_TO_32_BIT_CONVERSION = YES;
				GCC_WARN_ABOUT_RETURN_TYPE = YES_ERROR;
				GCC_WARN_UNDECLARED_SELECTOR = YES;
				GCC_WARN_UNINITIALIZED_AUTOS = YES_AGGRESSIVE;
				GCC_WARN_UNUSED_FUNCTION = YES;
				GCC_WARN_UNUSED_VARIABLE = YES;
				IPHONEOS_DEPLOYMENT_TARGET = 8.1;
				MTL_ENABLE_DEBUG_INFO = NO;
				SDKROOT = iphoneos;
				SWIFT_OBJC_BRIDGING_HEADER = "Reporter-Bridging-Header.h";
				VALIDATE_PRODUCT = YES;
			};
			name = Release;
		};
		3B403E071A9835B6007461BF /* Debug */ = {
			isa = XCBuildConfiguration;
			baseConfigurationReference = 68D068DFDCEA67E49C0A90EB /* Pods-Reporter.debug.xcconfig */;
			buildSettings = {
				ASSETCATALOG_COMPILER_APPICON_NAME = AppIcon;
				CLANG_ENABLE_MODULES = YES;
				INFOPLIST_FILE = Reporter/Info.plist;
				LD_RUNPATH_SEARCH_PATHS = "$(inherited) @executable_path/Frameworks";
				PRODUCT_NAME = "$(TARGET_NAME)";
				SWIFT_OBJC_BRIDGING_HEADER = "Reporter-Bridging-Header.h";
				"SWIFT_OBJC_BRIDGING_HEADER[arch=*]" = "Reporter-Bridging-Header.h";
				SWIFT_OPTIMIZATION_LEVEL = "-Onone";
			};
			name = Debug;
		};
		3B403E081A9835B6007461BF /* Release */ = {
			isa = XCBuildConfiguration;
			baseConfigurationReference = F8A67C2DC13E840A8B2EB08A /* Pods-Reporter.release.xcconfig */;
			buildSettings = {
				ASSETCATALOG_COMPILER_APPICON_NAME = AppIcon;
				CLANG_ENABLE_MODULES = YES;
				INFOPLIST_FILE = Reporter/Info.plist;
				LD_RUNPATH_SEARCH_PATHS = "$(inherited) @executable_path/Frameworks";
				PRODUCT_NAME = "$(TARGET_NAME)";
				SWIFT_OBJC_BRIDGING_HEADER = "Reporter-Bridging-Header.h";
			};
			name = Release;
		};
		3B403E0A1A9835B6007461BF /* Debug */ = {
			isa = XCBuildConfiguration;
			baseConfigurationReference = 86B8FB74091455EE663FC89D /* Pods-ReporterTests.debug.xcconfig */;
			buildSettings = {
				BUNDLE_LOADER = "$(TEST_HOST)";
				FRAMEWORK_SEARCH_PATHS = (
					"$(SDKROOT)/Developer/Library/Frameworks",
					"$(inherited)",
				);
				GCC_PREPROCESSOR_DEFINITIONS = (
					"DEBUG=1",
					"$(inherited)",
				);
				INFOPLIST_FILE = ReporterTests/Info.plist;
				LD_RUNPATH_SEARCH_PATHS = "$(inherited) @executable_path/Frameworks @loader_path/Frameworks";
				PRODUCT_NAME = "$(TARGET_NAME)";
				TEST_HOST = "$(BUILT_PRODUCTS_DIR)/Reporter.app/Reporter";
			};
			name = Debug;
		};
		3B403E0B1A9835B6007461BF /* Release */ = {
			isa = XCBuildConfiguration;
			baseConfigurationReference = FAB30333D4F044A11F0C7CE6 /* Pods-ReporterTests.release.xcconfig */;
			buildSettings = {
				BUNDLE_LOADER = "$(TEST_HOST)";
				FRAMEWORK_SEARCH_PATHS = (
					"$(SDKROOT)/Developer/Library/Frameworks",
					"$(inherited)",
				);
				INFOPLIST_FILE = ReporterTests/Info.plist;
				LD_RUNPATH_SEARCH_PATHS = "$(inherited) @executable_path/Frameworks @loader_path/Frameworks";
				PRODUCT_NAME = "$(TARGET_NAME)";
				TEST_HOST = "$(BUILT_PRODUCTS_DIR)/Reporter.app/Reporter";
			};
			name = Release;
		};
/* End XCBuildConfiguration section */

/* Begin XCConfigurationList section */
		3B403DDF1A9835B6007461BF /* Build configuration list for PBXProject "Reporter" */ = {
			isa = XCConfigurationList;
			buildConfigurations = (
				3B403E041A9835B6007461BF /* Debug */,
				3B403E051A9835B6007461BF /* Release */,
			);
			defaultConfigurationIsVisible = 0;
			defaultConfigurationName = Release;
		};
		3B403E061A9835B6007461BF /* Build configuration list for PBXNativeTarget "Reporter" */ = {
			isa = XCConfigurationList;
			buildConfigurations = (
				3B403E071A9835B6007461BF /* Debug */,
				3B403E081A9835B6007461BF /* Release */,
			);
			defaultConfigurationIsVisible = 0;
			defaultConfigurationName = Release;
		};
		3B403E091A9835B6007461BF /* Build configuration list for PBXNativeTarget "ReporterTests" */ = {
			isa = XCConfigurationList;
			buildConfigurations = (
				3B403E0A1A9835B6007461BF /* Debug */,
				3B403E0B1A9835B6007461BF /* Release */,
			);
			defaultConfigurationIsVisible = 0;
			defaultConfigurationName = Release;
		};
/* End XCConfigurationList section */

/* Begin XCVersionGroup section */
		3BA1FA551AAE2CD300BD818B /* Reporter.xcdatamodeld */ = {
			isa = XCVersionGroup;
			children = (
				3BA1FA561AAE2CD300BD818B /* Reporter.xcdatamodel */,
			);
			currentVersion = 3BA1FA561AAE2CD300BD818B /* Reporter.xcdatamodel */;
			path = Reporter.xcdatamodeld;
			sourceTree = "<group>";
			versionGroupType = wrapper.xcdatamodel;
		};
/* End XCVersionGroup section */
	};
	rootObject = 3B403DDC1A9835B6007461BF /* Project object */;
}
